
Microsoft Visual Studio Solution File, Format Version 12.00
# Visual Studio 15
VisualStudioVersion = 15.0.26730.3
MinimumVisualStudioVersion = 10.0.40219.1
Project("{FAE04EC0-301F-11D3-BF4B-00C04F79EFBC}") = "KitchenServiceV2", "KitchenServiceV2\KitchenServiceV2.csproj", "{C5E3B5BB-7929-44DE-99AD-B6B6A993A50B}"
EndProject
Project("{FAE04EC0-301F-11D3-BF4B-00C04F79EFBC}") = "KitchenServiceV2.Contract", "KitchenServiceV2.Contract\KitchenServiceV2.Contract.csproj", "{80E5319A-2E83-411F-82E0-C9D53CB3650E}"
EndProject
Project("{FAE04EC0-301F-11D3-BF4B-00C04F79EFBC}") = "KitchenServiceV2.Db.Mongo", "KitchenServiceV2.Db.Mongo\KitchenServiceV2.Db.Mongo.csproj", "{7FD27C40-AC2E-4A86-84EC-1550A9E24C16}"
EndProject
Project("{FAE04EC0-301F-11D3-BF4B-00C04F79EFBC}") = "KitchenServiceV2.Tests", "KitchenServiceV2.Tests\KitchenServiceV2.Tests.csproj", "{FBC8E07A-76DC-4BBE-BC72-A7190ACE3ECD}"
EndProject
Global
	GlobalSection(SolutionConfigurationPlatforms) = preSolution
		Debug|Any CPU = Debug|Any CPU
		Release|Any CPU = Release|Any CPU
	EndGlobalSection
	GlobalSection(ProjectConfigurationPlatforms) = postSolution
		{C5E3B5BB-7929-44DE-99AD-B6B6A993A50B}.Debug|Any CPU.ActiveCfg = Debug|Any CPU
		{C5E3B5BB-7929-44DE-99AD-B6B6A993A50B}.Debug|Any CPU.Build.0 = Debug|Any CPU
		{C5E3B5BB-7929-44DE-99AD-B6B6A993A50B}.Release|Any CPU.ActiveCfg = Release|Any CPU
		{C5E3B5BB-7929-44DE-99AD-B6B6A993A50B}.Release|Any CPU.Build.0 = Release|Any CPU
		{80E5319A-2E83-411F-82E0-C9D53CB3650E}.Debug|Any CPU.ActiveCfg = Debug|Any CPU
		{80E5319A-2E83-411F-82E0-C9D53CB3650E}.Debug|Any CPU.Build.0 = Debug|Any CPU
		{80E5319A-2E83-411F-82E0-C9D53CB3650E}.Release|Any CPU.ActiveCfg = Release|Any CPU
		{80E5319A-2E83-411F-82E0-C9D53CB3650E}.Release|Any CPU.Build.0 = Release|Any CPU
		{7FD27C40-AC2E-4A86-84EC-1550A9E24C16}.Debug|Any CPU.ActiveCfg = Debug|Any CPU
		{7FD27C40-AC2E-4A86-84EC-1550A9E24C16}.Debug|Any CPU.Build.0 = Debug|Any CPU
		{7FD27C40-AC2E-4A86-84EC-1550A9E24C16}.Release|Any CPU.ActiveCfg = Release|Any CPU
		{7FD27C40-AC2E-4A86-84EC-1550A9E24C16}.Release|Any CPU.Build.0 = Release|Any CPU
		{FBC8E07A-76DC-4BBE-BC72-A7190ACE3ECD}.Debug|Any CPU.ActiveCfg = Debug|Any CPU
		{FBC8E07A-76DC-4BBE-BC72-A7190ACE3ECD}.Debug|Any CPU.Build.0 = Debug|Any CPU
		{FBC8E07A-76DC-4BBE-BC72-A7190ACE3ECD}.Release|Any CPU.ActiveCfg = Release|Any CPU
		{FBC8E07A-76DC-4BBE-BC72-A7190ACE3ECD}.Release|Any CPU.Build.0 = Release|Any CPU
	EndGlobalSection
	GlobalSection(SolutionProperties) = preSolution
		HideSolutionNode = FALSE
	EndGlobalSection
	GlobalSection(ExtensibilityGlobals) = postSolution
		SolutionGuid = {553226B8-2F01-4D27-B62F-8BD5F641FD26}
	EndGlobalSection
EndGlobal
